
Microsoft Visual Studio Solution File, Format Version 12.00
# Visual Studio Version 16
VisualStudioVersion = 16.0.29709.97
MinimumVisualStudioVersion = 10.0.40219.1
Project("{FAE04EC0-301F-11D3-BF4B-00C04F79EFBC}") = "LinqCustomProvider", "LinqCustomProvider\LinqCustomProvider.csproj", "{94F4F8FC-D202-427E-9421-81984AF9315B}"
EndProject
Global
	GlobalSection(SolutionConfigurationPlatforms) = preSolution
		Debug|Any CPU = Debug|Any CPU
		Release|Any CPU = Release|Any CPU
	EndGlobalSection
	GlobalSection(ProjectConfigurationPlatforms) = postSolution
		{94F4F8FC-D202-427E-9421-81984AF9315B}.Debug|Any CPU.ActiveCfg = Debug|Any CPU
		{94F4F8FC-D202-427E-9421-81984AF9315B}.Debug|Any CPU.Build.0 = Debug|Any CPU
		{94F4F8FC-D202-427E-9421-81984AF9315B}.Release|Any CPU.ActiveCfg = Release|Any CPU
		{94F4F8FC-D202-427E-9421-81984AF9315B}.Release|Any CPU.Build.0 = Release|Any CPU
	EndGlobalSection
	GlobalSection(SolutionProperties) = preSolution
		HideSolutionNode = FALSE
	EndGlobalSection
	GlobalSection(ExtensibilityGlobals) = postSolution
		SolutionGuid = {8F83880D-0513-40C9-A000-9D15E04542CC}
	EndGlobalSection
EndGlobal
